
Microsoft Visual Studio Solution File, Format Version 12.00
# Visual Studio Version 17
VisualStudioVersion = 17.10.35013.160
MinimumVisualStudioVersion = 10.0.40219.1
Project("{FAE04EC0-301F-11D3-BF4B-00C04F79EFBC}") = "BankingProject", "BankingProject\BankingProject.csproj", "{95E4D896-9D02-4D85-8E69-12063C232BD5}"
EndProject
Global
	GlobalSection(SolutionConfigurationPlatforms) = preSolution
		Debug|Any CPU = Debug|Any CPU
		Release|Any CPU = Release|Any CPU
	EndGlobalSection
	GlobalSection(ProjectConfigurationPlatforms) = postSolution
		{95E4D896-9D02-4D85-8E69-12063C232BD5}.Debug|Any CPU.ActiveCfg = Debug|Any CPU
		{95E4D896-9D02-4D85-8E69-12063C232BD5}.Debug|Any CPU.Build.0 = Debug|Any CPU
		{95E4D896-9D02-4D85-8E69-12063C232BD5}.Release|Any CPU.ActiveCfg = Release|Any CPU
		{95E4D896-9D02-4D85-8E69-12063C232BD5}.Release|Any CPU.Build.0 = Release|Any CPU
	EndGlobalSection
	GlobalSection(SolutionProperties) = preSolution
		HideSolutionNode = FALSE
	EndGlobalSection
	GlobalSection(ExtensibilityGlobals) = postSolution
		SolutionGuid = {F4579663-BEC6-4D36-A446-CCC8D2E861DD}
	EndGlobalSection
EndGlobal
